// !$*UTF8*$!
{
	archiveVersion = 1;
	classes = {
	};
	objectVersion = 55;
	objects = {

/* Begin PBXBuildFile section */
		07844E4928FDEBEB00B30C0D /* pilot_episode.cpp in Sources */ = {isa = PBXBuildFile; fileRef = 07844E4828FDEBEB00B30C0D /* pilot_episode.cpp */; };
		07A763392B5C795B00705D31 /* OpenAL.framework in Frameworks */ = {isa = PBXBuildFile; fileRef = 07A763382B5C795B00705D31 /* OpenAL.framework */; };
/* End PBXBuildFile section */

/* Begin PBXCopyFilesBuildPhase section */
		07844E3C28FDEBAA00B30C0D /* CopyFiles */ = {
			isa = PBXCopyFilesBuildPhase;
			buildActionMask = 2147483647;
			dstPath = /usr/share/man/man1/;
			dstSubfolderSpec = 0;
			files = (
			);
			runOnlyForDeploymentPostprocessing = 1;
		};
/* End PBXCopyFilesBuildPhase section */

/* Begin PBXFileReference section */
		0709B9C32C97113C00A43834 /* build-ubuntu.yml */ = {isa = PBXFileReference; fileEncoding = 4; lastKnownFileType = text.yaml; name = "build-ubuntu.yml"; path = ".github/workflows/build-ubuntu.yml"; sourceTree = SOURCE_ROOT; };
		0709B9C42C97113D00A43834 /* build-macos.yml */ = {isa = PBXFileReference; fileEncoding = 4; lastKnownFileType = text.yaml; name = "build-macos.yml"; path = ".github/workflows/build-macos.yml"; sourceTree = SOURCE_ROOT; };
		0709B9C52C97113D00A43834 /* build-windows.yml */ = {isa = PBXFileReference; fileEncoding = 4; lastKnownFileType = text.yaml; name = "build-windows.yml"; path = ".github/workflows/build-windows.yml"; sourceTree = SOURCE_ROOT; };
		0709B9C82C9A235700A43834 /* build.bat */ = {isa = PBXFileReference; fileEncoding = 4; lastKnownFileType = text; path = build.bat; sourceTree = "<group>"; };
		070D10EC29110BD300543913 /* Clouds.h */ = {isa = PBXFileReference; fileEncoding = 4; lastKnownFileType = sourcecode.c.h; path = Clouds.h; sourceTree = "<group>"; };
		070D10ED29110C6100543913 /* Seagulls.h */ = {isa = PBXFileReference; lastKnownFileType = sourcecode.c.h; path = Seagulls.h; sourceTree = "<group>"; };
		070D10EE29110DCC00543913 /* Powerups.h */ = {isa = PBXFileReference; lastKnownFileType = sourcecode.c.h; path = Powerups.h; sourceTree = "<group>"; };
		070D10EF29110E2400543913 /* Globals.h */ = {isa = PBXFileReference; lastKnownFileType = sourcecode.c.h; path = Globals.h; sourceTree = "<group>"; };
		070D10F029110E7800543913 /* Plane.h */ = {isa = PBXFileReference; lastKnownFileType = sourcecode.c.h; path = Plane.h; sourceTree = "<group>"; };
		070D10F12911113900543913 /* Enemy.h */ = {isa = PBXFileReference; lastKnownFileType = sourcecode.c.h; path = Enemy.h; sourceTree = "<group>"; };
		070D10F22911118500543913 /* Effects.h */ = {isa = PBXFileReference; lastKnownFileType = sourcecode.c.h; path = Effects.h; sourceTree = "<group>"; };
		070D10F32911121A00543913 /* Mountains.h */ = {isa = PBXFileReference; lastKnownFileType = sourcecode.c.h; path = Mountains.h; sourceTree = "<group>"; };
		070D10F42911125400543913 /* HotAirBalloons.h */ = {isa = PBXFileReference; lastKnownFileType = sourcecode.c.h; path = HotAirBalloons.h; sourceTree = "<group>"; };
		070D10F52911128E00543913 /* Sun.h */ = {isa = PBXFileReference; lastKnownFileType = sourcecode.c.h; path = Sun.h; sourceTree = "<group>"; };
		070D10F6291112C300543913 /* Ground.h */ = {isa = PBXFileReference; lastKnownFileType = sourcecode.c.h; path = Ground.h; sourceTree = "<group>"; };
		070D10F72911133100543913 /* Keyboard.h */ = {isa = PBXFileReference; lastKnownFileType = sourcecode.c.h; path = Keyboard.h; sourceTree = "<group>"; };
		070D10F82911142B00543913 /* Enums.h */ = {isa = PBXFileReference; lastKnownFileType = sourcecode.c.h; path = Enums.h; sourceTree = "<group>"; };
		070D10F92911148900543913 /* TitleScreen.h */ = {isa = PBXFileReference; lastKnownFileType = sourcecode.c.h; path = TitleScreen.h; sourceTree = "<group>"; };
		070D10FA291114F700543913 /* InstructionsScreen.h */ = {isa = PBXFileReference; lastKnownFileType = sourcecode.c.h; path = InstructionsScreen.h; sourceTree = "<group>"; };
		070D10FB29113DDB00543913 /* PlaneData.h */ = {isa = PBXFileReference; lastKnownFileType = sourcecode.c.h; path = PlaneData.h; sourceTree = "<group>"; };
		070D10FC2911441200543913 /* Hud.h */ = {isa = PBXFileReference; lastKnownFileType = sourcecode.c.h; path = Hud.h; sourceTree = "<group>"; };
		070D10FD2911484900543913 /* Sky.h */ = {isa = PBXFileReference; lastKnownFileType = sourcecode.c.h; path = Sky.h; sourceTree = "<group>"; };
		0739DB1E2BB351DE00964E96 /* LICENSE */ = {isa = PBXFileReference; fileEncoding = 4; lastKnownFileType = text; path = LICENSE; sourceTree = SOURCE_ROOT; };
		0739DB1F2BB351DE00964E96 /* README.md */ = {isa = PBXFileReference; fileEncoding = 4; lastKnownFileType = net.daringfireball.markdown; path = README.md; sourceTree = SOURCE_ROOT; };
		0760B6ED2B9C37FE0032CACD /* chiptune2.ct */ = {isa = PBXFileReference; fileEncoding = 4; lastKnownFileType = text; path = chiptune2.ct; sourceTree = "<group>"; };
		076D86732D05CAC3003BF28D /* fetch-dependencies.py */ = {isa = PBXFileReference; fileEncoding = 4; lastKnownFileType = text.script.python; path = "fetch-dependencies.py"; sourceTree = SOURCE_ROOT; };
		076D86742D05CAF2003BF28D /* dependencies */ = {isa = PBXFileReference; fileEncoding = 4; lastKnownFileType = text; path = dependencies; sourceTree = SOURCE_ROOT; };
		07844E3E28FDEBAA00B30C0D /* Pilot_Episode */ = {isa = PBXFileReference; explicitFileType = "compiled.mach-o.executable"; includeInIndex = 0; path = Pilot_Episode; sourceTree = BUILT_PRODUCTS_DIR; };
		07844E4828FDEBEB00B30C0D /* pilot_episode.cpp */ = {isa = PBXFileReference; fileEncoding = 4; lastKnownFileType = sourcecode.cpp.cpp; path = pilot_episode.cpp; sourceTree = "<group>"; };
		07844E4A28FDECEC00B30C0D /* build.sh */ = {isa = PBXFileReference; fileEncoding = 4; lastKnownFileType = text.script.sh; path = build.sh; sourceTree = "<group>"; };
		07A763382B5C795B00705D31 /* OpenAL.framework */ = {isa = PBXFileReference; lastKnownFileType = wrapper.framework; name = OpenAL.framework; path = System/Library/Frameworks/OpenAL.framework; sourceTree = SDKROOT; };
		07FDE9842CA7EF1C00116BA7 /* github-repo-stats.yml */ = {isa = PBXFileReference; fileEncoding = 4; lastKnownFileType = text.yaml; name = "github-repo-stats.yml"; path = ".github/workflows/github-repo-stats.yml"; sourceTree = SOURCE_ROOT; };
/* End PBXFileReference section */

/* Begin PBXFrameworksBuildPhase section */
		07844E3B28FDEBAA00B30C0D /* Frameworks */ = {
			isa = PBXFrameworksBuildPhase;
			buildActionMask = 2147483647;
			files = (
				07A763392B5C795B00705D31 /* OpenAL.framework in Frameworks */,
			);
			runOnlyForDeploymentPostprocessing = 0;
		};
/* End PBXFrameworksBuildPhase section */

/* Begin PBXGroup section */
		0709B9C22C97111B00A43834 /* workflows */ = {
			isa = PBXGroup;
			children = (
				07FDE9842CA7EF1C00116BA7 /* github-repo-stats.yml */,
				0709B9C42C97113D00A43834 /* build-macos.yml */,
				0709B9C32C97113C00A43834 /* build-ubuntu.yml */,
				0709B9C52C97113D00A43834 /* build-windows.yml */,
			);
			name = workflows;
			sourceTree = "<group>";
		};
		076D86722D05CA96003BF28D /* scripts */ = {
			isa = PBXGroup;
			children = (
				076D86732D05CAC3003BF28D /* fetch-dependencies.py */,
				076D86742D05CAF2003BF28D /* dependencies */,
				07844E4A28FDECEC00B30C0D /* build.sh */,
				0709B9C82C9A235700A43834 /* build.bat */,
			);
			name = scripts;
			sourceTree = "<group>";
		};
		07844E3528FDEBAA00B30C0D = {
			isa = PBXGroup;
			children = (
				0739DB1E2BB351DE00964E96 /* LICENSE */,
				0739DB1F2BB351DE00964E96 /* README.md */,
				07844E4028FDEBAA00B30C0D /* Pilot_Episode */,
				07844E3F28FDEBAA00B30C0D /* Products */,
				07A763372B5C795B00705D31 /* Frameworks */,
			);
			sourceTree = "<group>";
		};
		07844E3F28FDEBAA00B30C0D /* Products */ = {
			isa = PBXGroup;
			children = (
				07844E3E28FDEBAA00B30C0D /* Pilot_Episode */,
			);
			name = Products;
			sourceTree = "<group>";
		};
		07844E4028FDEBAA00B30C0D /* Pilot_Episode */ = {
			isa = PBXGroup;
			children = (
				076D86722D05CA96003BF28D /* scripts */,
				0709B9C22C97111B00A43834 /* workflows */,
				0760B6ED2B9C37FE0032CACD /* chiptune2.ct */,
				07844E4828FDEBEB00B30C0D /* pilot_episode.cpp */,
				070D10EC29110BD300543913 /* Clouds.h */,
				070D10FD2911484900543913 /* Sky.h */,
				070D10FC2911441200543913 /* Hud.h */,
				070D10FA291114F700543913 /* InstructionsScreen.h */,
				070D10F92911148900543913 /* TitleScreen.h */,
				070D10F82911142B00543913 /* Enums.h */,
				070D10F72911133100543913 /* Keyboard.h */,
				070D10F6291112C300543913 /* Ground.h */,
				070D10FB29113DDB00543913 /* PlaneData.h */,
				070D10F52911128E00543913 /* Sun.h */,
				070D10F42911125400543913 /* HotAirBalloons.h */,
				070D10F32911121A00543913 /* Mountains.h */,
				070D10F22911118500543913 /* Effects.h */,
				070D10F12911113900543913 /* Enemy.h */,
				070D10F029110E7800543913 /* Plane.h */,
				070D10EF29110E2400543913 /* Globals.h */,
				070D10EE29110DCC00543913 /* Powerups.h */,
				070D10ED29110C6100543913 /* Seagulls.h */,
			);
			path = Pilot_Episode;
			sourceTree = "<group>";
		};
		07A763372B5C795B00705D31 /* Frameworks */ = {
			isa = PBXGroup;
			children = (
				07A763382B5C795B00705D31 /* OpenAL.framework */,
			);
			name = Frameworks;
			sourceTree = "<group>";
		};
/* End PBXGroup section */

/* Begin PBXNativeTarget section */
		07844E3D28FDEBAA00B30C0D /* Pilot_Episode */ = {
			isa = PBXNativeTarget;
			buildConfigurationList = 07844E4528FDEBAA00B30C0D /* Build configuration list for PBXNativeTarget "Pilot_Episode" */;
			buildPhases = (
				07844E3A28FDEBAA00B30C0D /* Sources */,
				07844E3B28FDEBAA00B30C0D /* Frameworks */,
				07844E3C28FDEBAA00B30C0D /* CopyFiles */,
			);
			buildRules = (
			);
			dependencies = (
			);
			name = Pilot_Episode;
			productName = "Pilot Episode";
			productReference = 07844E3E28FDEBAA00B30C0D /* Pilot_Episode */;
			productType = "com.apple.product-type.tool";
		};
/* End PBXNativeTarget section */

/* Begin PBXProject section */
		07844E3628FDEBAA00B30C0D /* Project object */ = {
			isa = PBXProject;
			attributes = {
				BuildIndependentTargetsInParallel = 1;
				LastUpgradeCheck = 1510;
				TargetAttributes = {
					07844E3D28FDEBAA00B30C0D = {
						CreatedOnToolsVersion = 13.2.1;
					};
				};
			};
			buildConfigurationList = 07844E3928FDEBAA00B30C0D /* Build configuration list for PBXProject "Pilot_Episode" */;
			compatibilityVersion = "Xcode 13.0";
			developmentRegion = en;
			hasScannedForEncodings = 0;
			knownRegions = (
				en,
				Base,
			);
			mainGroup = 07844E3528FDEBAA00B30C0D;
			productRefGroup = 07844E3F28FDEBAA00B30C0D /* Products */;
			projectDirPath = "";
			projectRoot = "";
			targets = (
				07844E3D28FDEBAA00B30C0D /* Pilot_Episode */,
			);
		};
/* End PBXProject section */

/* Begin PBXSourcesBuildPhase section */
		07844E3A28FDEBAA00B30C0D /* Sources */ = {
			isa = PBXSourcesBuildPhase;
			buildActionMask = 2147483647;
			files = (
				07844E4928FDEBEB00B30C0D /* pilot_episode.cpp in Sources */,
			);
			runOnlyForDeploymentPostprocessing = 0;
		};
/* End PBXSourcesBuildPhase section */

/* Begin XCBuildConfiguration section */
		07844E4328FDEBAA00B30C0D /* Debug */ = {
			isa = XCBuildConfiguration;
			buildSettings = {
				ALWAYS_SEARCH_USER_PATHS = NO;
				CLANG_ANALYZER_NONNULL = YES;
				CLANG_ANALYZER_NUMBER_OBJECT_CONVERSION = YES_AGGRESSIVE;
				CLANG_CXX_LANGUAGE_STANDARD = "c++20";
				CLANG_CXX_LIBRARY = "libc++";
				CLANG_ENABLE_MODULES = YES;
				CLANG_ENABLE_OBJC_ARC = YES;
				CLANG_ENABLE_OBJC_WEAK = YES;
				CLANG_WARN_BLOCK_CAPTURE_AUTORELEASING = YES;
				CLANG_WARN_BOOL_CONVERSION = YES;
				CLANG_WARN_COMMA = YES;
				CLANG_WARN_CONSTANT_CONVERSION = YES;
				CLANG_WARN_DEPRECATED_OBJC_IMPLEMENTATIONS = YES;
				CLANG_WARN_DIRECT_OBJC_ISA_USAGE = YES_ERROR;
				CLANG_WARN_DOCUMENTATION_COMMENTS = YES;
				CLANG_WARN_EMPTY_BODY = YES;
				CLANG_WARN_ENUM_CONVERSION = YES;
				CLANG_WARN_INFINITE_RECURSION = YES;
				CLANG_WARN_INT_CONVERSION = YES;
				CLANG_WARN_NON_LITERAL_NULL_CONVERSION = YES;
				CLANG_WARN_OBJC_IMPLICIT_RETAIN_SELF = YES;
				CLANG_WARN_OBJC_LITERAL_CONVERSION = YES;
				CLANG_WARN_OBJC_ROOT_CLASS = YES_ERROR;
				CLANG_WARN_QUOTED_INCLUDE_IN_FRAMEWORK_HEADER = YES;
				CLANG_WARN_RANGE_LOOP_ANALYSIS = YES;
				CLANG_WARN_STRICT_PROTOTYPES = YES;
				CLANG_WARN_SUSPICIOUS_MOVE = YES;
				CLANG_WARN_UNGUARDED_AVAILABILITY = YES_AGGRESSIVE;
				CLANG_WARN_UNREACHABLE_CODE = YES;
				CLANG_WARN__DUPLICATE_METHOD_MATCH = YES;
				COPY_PHASE_STRIP = NO;
				DEAD_CODE_STRIPPING = YES;
				DEBUG_INFORMATION_FORMAT = dwarf;
				ENABLE_STRICT_OBJC_MSGSEND = YES;
				ENABLE_TESTABILITY = YES;
				ENABLE_USER_SCRIPT_SANDBOXING = YES;
				GCC_C_LANGUAGE_STANDARD = gnu11;
				GCC_DYNAMIC_NO_PIC = NO;
				GCC_NO_COMMON_BLOCKS = YES;
				GCC_OPTIMIZATION_LEVEL = 0;
				GCC_PREPROCESSOR_DEFINITIONS = (
					"DEBUG=1",
					"$(inherited)",
				);
				GCC_WARN_64_TO_32_BIT_CONVERSION = YES;
				GCC_WARN_ABOUT_RETURN_TYPE = YES_ERROR;
				GCC_WARN_UNDECLARED_SELECTOR = YES;
				GCC_WARN_UNINITIALIZED_AUTOS = YES_AGGRESSIVE;
				GCC_WARN_UNUSED_FUNCTION = YES;
				GCC_WARN_UNUSED_VARIABLE = YES;
				MACOSX_DEPLOYMENT_TARGET = 12.1;
				MTL_ENABLE_DEBUG_INFO = INCLUDE_SOURCE;
				MTL_FAST_MATH = YES;
				ONLY_ACTIVE_ARCH = YES;
				SDKROOT = macosx;
			};
			name = Debug;
		};
		07844E4428FDEBAA00B30C0D /* Release */ = {
			isa = XCBuildConfiguration;
			buildSettings = {
				ALWAYS_SEARCH_USER_PATHS = NO;
				CLANG_ANALYZER_NONNULL = YES;
				CLANG_ANALYZER_NUMBER_OBJECT_CONVERSION = YES_AGGRESSIVE;
				CLANG_CXX_LANGUAGE_STANDARD = "c++20";
				CLANG_CXX_LIBRARY = "libc++";
				CLANG_ENABLE_MODULES = YES;
				CLANG_ENABLE_OBJC_ARC = YES;
				CLANG_ENABLE_OBJC_WEAK = YES;
				CLANG_WARN_BLOCK_CAPTURE_AUTORELEASING = YES;
				CLANG_WARN_BOOL_CONVERSION = YES;
				CLANG_WARN_COMMA = YES;
				CLANG_WARN_CONSTANT_CONVERSION = YES;
				CLANG_WARN_DEPRECATED_OBJC_IMPLEMENTATIONS = YES;
				CLANG_WARN_DIRECT_OBJC_ISA_USAGE = YES_ERROR;
				CLANG_WARN_DOCUMENTATION_COMMENTS = YES;
				CLANG_WARN_EMPTY_BODY = YES;
				CLANG_WARN_ENUM_CONVERSION = YES;
				CLANG_WARN_INFINITE_RECURSION = YES;
				CLANG_WARN_INT_CONVERSION = YES;
				CLANG_WARN_NON_LITERAL_NULL_CONVERSION = YES;
				CLANG_WARN_OBJC_IMPLICIT_RETAIN_SELF = YES;
				CLANG_WARN_OBJC_LITERAL_CONVERSION = YES;
				CLANG_WARN_OBJC_ROOT_CLASS = YES_ERROR;
				CLANG_WARN_QUOTED_INCLUDE_IN_FRAMEWORK_HEADER = YES;
				CLANG_WARN_RANGE_LOOP_ANALYSIS = YES;
				CLANG_WARN_STRICT_PROTOTYPES = YES;
				CLANG_WARN_SUSPICIOUS_MOVE = YES;
				CLANG_WARN_UNGUARDED_AVAILABILITY = YES_AGGRESSIVE;
				CLANG_WARN_UNREACHABLE_CODE = YES;
				CLANG_WARN__DUPLICATE_METHOD_MATCH = YES;
				COPY_PHASE_STRIP = NO;
				DEAD_CODE_STRIPPING = YES;
				DEBUG_INFORMATION_FORMAT = "dwarf-with-dsym";
				ENABLE_NS_ASSERTIONS = NO;
				ENABLE_STRICT_OBJC_MSGSEND = YES;
				ENABLE_USER_SCRIPT_SANDBOXING = YES;
				GCC_C_LANGUAGE_STANDARD = gnu11;
				GCC_NO_COMMON_BLOCKS = YES;
				GCC_WARN_64_TO_32_BIT_CONVERSION = YES;
				GCC_WARN_ABOUT_RETURN_TYPE = YES_ERROR;
				GCC_WARN_UNDECLARED_SELECTOR = YES;
				GCC_WARN_UNINITIALIZED_AUTOS = YES_AGGRESSIVE;
				GCC_WARN_UNUSED_FUNCTION = YES;
				GCC_WARN_UNUSED_VARIABLE = YES;
				MACOSX_DEPLOYMENT_TARGET = 12.1;
				MTL_ENABLE_DEBUG_INFO = NO;
				MTL_FAST_MATH = YES;
				SDKROOT = macosx;
			};
			name = Release;
		};
		07844E4628FDEBAA00B30C0D /* Debug */ = {
			isa = XCBuildConfiguration;
			buildSettings = {
				CODE_SIGN_IDENTITY = "Apple Development";
				CODE_SIGN_STYLE = Automatic;
				DEAD_CODE_STRIPPING = YES;
				DEVELOPMENT_TEAM = HFL2Q84SZB;
				ENABLE_HARDENED_RUNTIME = YES;
				HEADER_SEARCH_PATHS = (
					"/opt/homebrew/opt/openal-soft/include/",
					../lib/,
				);
				PRODUCT_NAME = "$(TARGET_NAME)";
			};
			name = Debug;
		};
		07844E4728FDEBAA00B30C0D /* Release */ = {
			isa = XCBuildConfiguration;
			buildSettings = {
				CODE_SIGN_IDENTITY = "Apple Development";
				CODE_SIGN_STYLE = Automatic;
				DEAD_CODE_STRIPPING = YES;
				DEVELOPMENT_TEAM = HFL2Q84SZB;
				ENABLE_HARDENED_RUNTIME = YES;
				HEADER_SEARCH_PATHS = (
					"/opt/homebrew/opt/openal-soft/include/",
					../lib/,
				);
				PRODUCT_NAME = "$(TARGET_NAME)";
			};
			name = Release;
		};
/* End XCBuildConfiguration section */

/* Begin XCConfigurationList section */
		07844E3928FDEBAA00B30C0D /* Build configuration list for PBXProject "Pilot_Episode" */ = {
			isa = XCConfigurationList;
			buildConfigurations = (
				07844E4328FDEBAA00B30C0D /* Debug */,
				07844E4428FDEBAA00B30C0D /* Release */,
			);
			defaultConfigurationIsVisible = 0;
			defaultConfigurationName = Release;
		};
		07844E4528FDEBAA00B30C0D /* Build configuration list for PBXNativeTarget "Pilot_Episode" */ = {
			isa = XCConfigurationList;
			buildConfigurations = (
				07844E4628FDEBAA00B30C0D /* Debug */,
				07844E4728FDEBAA00B30C0D /* Release */,
			);
			defaultConfigurationIsVisible = 0;
			defaultConfigurationName = Release;
		};
/* End XCConfigurationList section */
	};
	rootObject = 07844E3628FDEBAA00B30C0D /* Project object */;
}
